
Microsoft Visual Studio Solution File, Format Version 12.00
# Visual Studio Version 16
VisualStudioVersion = 16.0.29728.190
MinimumVisualStudioVersion = 10.0.40219.1
Project("{9A19103F-16F7-4668-BE54-9A1E7A4F7556}") = "DevSpatium.IO.TextReader", "DevSpatium.IO.TextReader\DevSpatium.IO.TextReader.csproj", "{0D018700-01C4-4B04-A6BA-481BFDA84A53}"
EndProject
Project("{9A19103F-16F7-4668-BE54-9A1E7A4F7556}") = "DevSpatium.IO.TextReader.Tests", "DevSpatium.IO.TextReader.Tests\DevSpatium.IO.TextReader.Tests.csproj", "{D5AC4473-481C-45F5-9BAC-C5E1A097EFBE}"
EndProject
Global
	GlobalSection(SolutionConfigurationPlatforms) = preSolution
		Debug|Any CPU = Debug|Any CPU
		Release|Any CPU = Release|Any CPU
	EndGlobalSection
	GlobalSection(ProjectConfigurationPlatforms) = postSolution
		{0D018700-01C4-4B04-A6BA-481BFDA84A53}.Debug|Any CPU.ActiveCfg = Debug|Any CPU
		{0D018700-01C4-4B04-A6BA-481BFDA84A53}.Debug|Any CPU.Build.0 = Debug|Any CPU
		{0D018700-01C4-4B04-A6BA-481BFDA84A53}.Release|Any CPU.ActiveCfg = Release|Any CPU
		{0D018700-01C4-4B04-A6BA-481BFDA84A53}.Release|Any CPU.Build.0 = Release|Any CPU
		{D5AC4473-481C-45F5-9BAC-C5E1A097EFBE}.Debug|Any CPU.ActiveCfg = Debug|Any CPU
		{D5AC4473-481C-45F5-9BAC-C5E1A097EFBE}.Debug|Any CPU.Build.0 = Debug|Any CPU
		{D5AC4473-481C-45F5-9BAC-C5E1A097EFBE}.Release|Any CPU.ActiveCfg = Release|Any CPU
	EndGlobalSection
	GlobalSection(SolutionProperties) = preSolution
		HideSolutionNode = FALSE
	EndGlobalSection
	GlobalSection(ExtensibilityGlobals) = postSolution
		SolutionGuid = {D6B8BF84-84FB-4BCA-BCE6-8A7EB46CBDA3}
	EndGlobalSection
EndGlobal
